
Microsoft Visual Studio Solution File, Format Version 12.00
# Visual Studio Version 16
VisualStudioVersion = 16.0.29519.181
MinimumVisualStudioVersion = 15.0.26124.0
Project("{2150E333-8FDC-42A3-9474-1A3956D46DE8}") = "src", "src", "{B36FD639-52DE-4CB0-85F3-BC78C4131416}"
EndProject
Project("{2150E333-8FDC-42A3-9474-1A3956D46DE8}") = "server", "server", "{E3F23BAD-33CB-49FC-8073-B1F4FEA24B9E}"
EndProject
Project("{2150E333-8FDC-42A3-9474-1A3956D46DE8}") = "DomainModel", "DomainModel", "{1AA5AD3C-F4D8-401A-BA82-A243426338A0}"
EndProject
Project("{9A19103F-16F7-4668-BE54-9A1E7A4F7556}") = "MapGenerator", "src\server\DomainModel\MapGenerator\MapGenerator.csproj", "{EB12F8FD-3E01-4E94-BAF0-0B817397DB71}"
EndProject
Project("{2150E333-8FDC-42A3-9474-1A3956D46DE8}") = "test", "test", "{CCF6DEBE-3BD2-4C6D-9A6E-8302CC684612}"
EndProject
Project("{2150E333-8FDC-42A3-9474-1A3956D46DE8}") = "DomainModel", "DomainModel", "{3CD8522A-C71A-4B1C-8F4B-58080B4FCCAE}"
EndProject
Project("{9A19103F-16F7-4668-BE54-9A1E7A4F7556}") = "MapGeneratorTest", "test\DomainModel\MapGeneratorTest\MapGeneratorTest.csproj", "{C5C64E30-59D5-41C1-9BE2-D3314558134E}"
EndProject
Project("{2150E333-8FDC-42A3-9474-1A3956D46DE8}") = "DomainServices", "DomainServices", "{656CF0D9-C9D7-4089-A9E1-91554B5B0289}"
EndProject
Project("{9A19103F-16F7-4668-BE54-9A1E7A4F7556}") = "MapGeneratorServices", "src\server\DomainServices\MapGeneratorServices\MapGeneratorServices.csproj", "{1C2AFFD5-2A07-4A44-AA67-C215B513D9DC}"
EndProject
Project("{2150E333-8FDC-42A3-9474-1A3956D46DE8}") = "DomainServices", "DomainServices", "{05C6FD01-1968-4DE5-93D4-DD4B0DA1DED3}"
EndProject
Project("{9A19103F-16F7-4668-BE54-9A1E7A4F7556}") = "MapGeneratorServicesTest", "test\DomainServices\MapGeneratorServicesTest\MapGeneratorServicesTest.csproj", "{B06B09AA-1C6B-4880-8060-47C17C264B6C}"
EndProject
Project("{2150E333-8FDC-42A3-9474-1A3956D46DE8}") = "Framework", "Framework", "{C801F4AC-4C71-4DC2-9CCB-D2022B9AC277}"
EndProject
Project("{FAE04EC0-301F-11D3-BF4B-00C04F79EFBC}") = "Randomizer", "src\server\Framework\Randomizer\Randomizer.csproj", "{1063E0D8-0F91-4E6F-A892-CEC461430739}"
EndProject
Project("{2150E333-8FDC-42A3-9474-1A3956D46DE8}") = "Framework", "Framework", "{C1E3E8B1-F204-44C3-9996-B349D84F052B}"
EndProject
Project("{FAE04EC0-301F-11D3-BF4B-00C04F79EFBC}") = "RandomizerTest", "test\Framework\RandomizerTest\RandomizerTest.csproj", "{6EADAB71-907B-433E-B746-E9FF41E1BA48}"
EndProject
Project("{FAE04EC0-301F-11D3-BF4B-00C04F79EFBC}") = "Mathematica", "src\server\Framework\Mathematica\Mathematica.csproj", "{409C147B-4ED7-456E-97B4-4E103A10A748}"
EndProject
Project("{FAE04EC0-301F-11D3-BF4B-00C04F79EFBC}") = "MathematicaTest", "test\Framework\MathematicaTest\MathematicaTest.csproj", "{6CDBAB70-659C-44BC-83B5-BD45E8846A0D}"
EndProject
Project("{2150E333-8FDC-42A3-9474-1A3956D46DE8}") = "Infrastructure", "Infrastructure", "{C94C85A0-55B7-45CF-9100-370124F80A1D}"
EndProject
Project("{FAE04EC0-301F-11D3-BF4B-00C04F79EFBC}") = "WebApi", "src\server\Infrastructure\WebApi\WebApi.csproj", "{81FAA529-C33B-485E-A7DF-1569AAEB7380}"
EndProject
Project("{FAE04EC0-301F-11D3-BF4B-00C04F79EFBC}") = "GameMechanics", "src\server\DomainModel\GameMechanics\GameMechanics.csproj", "{65A5A49F-4685-4111-8452-BC5FA10D3F12}"
EndProject
Project("{FAE04EC0-301F-11D3-BF4B-00C04F79EFBC}") = "GameMechanicsTest", "test\DomainModel\GameMechanicsTest\GameMechanicsTest.csproj", "{AE8D80D0-D796-41CC-8730-85980C0B740A}"
EndProject
Project("{FAE04EC0-301F-11D3-BF4B-00C04F79EFBC}") = "Assembler", "src\server\Framework\Assembler\Assembler.csproj", "{A5123709-A504-4364-9FF1-CD4DAEB1A9E7}"
EndProject
Project("{FAE04EC0-301F-11D3-BF4B-00C04F79EFBC}") = "AssemblerTest", "test\Framework\AssemblerTest\AssemblerTest.csproj", "{9EF49865-A414-4F1F-BCB2-48F468716353}"
EndProject
Project("{FAE04EC0-301F-11D3-BF4B-00C04F79EFBC}") = "Statistics", "src\server\DomainModel\Statistics\Statistics.csproj", "{FFFE9417-29D7-4746-A859-D83EFEB96EF8}"
EndProject
Project("{FAE04EC0-301F-11D3-BF4B-00C04F79EFBC}") = "StatisticsTest", "test\DomainModel\StatisticsTest\StatisticsTest.csproj", "{B0225E5F-1684-4C66-85EA-0144B3A80012}"
EndProject
Global
	GlobalSection(SolutionConfigurationPlatforms) = preSolution
		Debug|Any CPU = Debug|Any CPU
		Debug|x64 = Debug|x64
		Debug|x86 = Debug|x86
		Release|Any CPU = Release|Any CPU
		Release|x64 = Release|x64
		Release|x86 = Release|x86
	EndGlobalSection
	GlobalSection(ProjectConfigurationPlatforms) = postSolution
		{EB12F8FD-3E01-4E94-BAF0-0B817397DB71}.Debug|Any CPU.ActiveCfg = Debug|Any CPU
		{EB12F8FD-3E01-4E94-BAF0-0B817397DB71}.Debug|Any CPU.Build.0 = Debug|Any CPU
		{EB12F8FD-3E01-4E94-BAF0-0B817397DB71}.Debug|x64.ActiveCfg = Debug|Any CPU
		{EB12F8FD-3E01-4E94-BAF0-0B817397DB71}.Debug|x64.Build.0 = Debug|Any CPU
		{EB12F8FD-3E01-4E94-BAF0-0B817397DB71}.Debug|x86.ActiveCfg = Debug|Any CPU
		{EB12F8FD-3E01-4E94-BAF0-0B817397DB71}.Debug|x86.Build.0 = Debug|Any CPU
		{EB12F8FD-3E01-4E94-BAF0-0B817397DB71}.Release|Any CPU.ActiveCfg = Release|Any CPU
		{EB12F8FD-3E01-4E94-BAF0-0B817397DB71}.Release|Any CPU.Build.0 = Release|Any CPU
		{EB12F8FD-3E01-4E94-BAF0-0B817397DB71}.Release|x64.ActiveCfg = Release|Any CPU
		{EB12F8FD-3E01-4E94-BAF0-0B817397DB71}.Release|x64.Build.0 = Release|Any CPU
		{EB12F8FD-3E01-4E94-BAF0-0B817397DB71}.Release|x86.ActiveCfg = Release|Any CPU
		{EB12F8FD-3E01-4E94-BAF0-0B817397DB71}.Release|x86.Build.0 = Release|Any CPU
		{C5C64E30-59D5-41C1-9BE2-D3314558134E}.Debug|Any CPU.ActiveCfg = Debug|Any CPU
		{C5C64E30-59D5-41C1-9BE2-D3314558134E}.Debug|Any CPU.Build.0 = Debug|Any CPU
		{C5C64E30-59D5-41C1-9BE2-D3314558134E}.Debug|x64.ActiveCfg = Debug|Any CPU
		{C5C64E30-59D5-41C1-9BE2-D3314558134E}.Debug|x64.Build.0 = Debug|Any CPU
		{C5C64E30-59D5-41C1-9BE2-D3314558134E}.Debug|x86.ActiveCfg = Debug|Any CPU
		{C5C64E30-59D5-41C1-9BE2-D3314558134E}.Debug|x86.Build.0 = Debug|Any CPU
		{C5C64E30-59D5-41C1-9BE2-D3314558134E}.Release|Any CPU.ActiveCfg = Release|Any CPU
		{C5C64E30-59D5-41C1-9BE2-D3314558134E}.Release|Any CPU.Build.0 = Release|Any CPU
		{C5C64E30-59D5-41C1-9BE2-D3314558134E}.Release|x64.ActiveCfg = Release|Any CPU
		{C5C64E30-59D5-41C1-9BE2-D3314558134E}.Release|x64.Build.0 = Release|Any CPU
		{C5C64E30-59D5-41C1-9BE2-D3314558134E}.Release|x86.ActiveCfg = Release|Any CPU
		{C5C64E30-59D5-41C1-9BE2-D3314558134E}.Release|x86.Build.0 = Release|Any CPU
		{1C2AFFD5-2A07-4A44-AA67-C215B513D9DC}.Debug|Any CPU.ActiveCfg = Debug|Any CPU
		{1C2AFFD5-2A07-4A44-AA67-C215B513D9DC}.Debug|Any CPU.Build.0 = Debug|Any CPU
		{1C2AFFD5-2A07-4A44-AA67-C215B513D9DC}.Debug|x64.ActiveCfg = Debug|Any CPU
		{1C2AFFD5-2A07-4A44-AA67-C215B513D9DC}.Debug|x64.Build.0 = Debug|Any CPU
		{1C2AFFD5-2A07-4A44-AA67-C215B513D9DC}.Debug|x86.ActiveCfg = Debug|Any CPU
		{1C2AFFD5-2A07-4A44-AA67-C215B513D9DC}.Debug|x86.Build.0 = Debug|Any CPU
		{1C2AFFD5-2A07-4A44-AA67-C215B513D9DC}.Release|Any CPU.ActiveCfg = Release|Any CPU
		{1C2AFFD5-2A07-4A44-AA67-C215B513D9DC}.Release|Any CPU.Build.0 = Release|Any CPU
		{1C2AFFD5-2A07-4A44-AA67-C215B513D9DC}.Release|x64.ActiveCfg = Release|Any CPU
		{1C2AFFD5-2A07-4A44-AA67-C215B513D9DC}.Release|x64.Build.0 = Release|Any CPU
		{1C2AFFD5-2A07-4A44-AA67-C215B513D9DC}.Release|x86.ActiveCfg = Release|Any CPU
		{1C2AFFD5-2A07-4A44-AA67-C215B513D9DC}.Release|x86.Build.0 = Release|Any CPU
		{B06B09AA-1C6B-4880-8060-47C17C264B6C}.Debug|Any CPU.ActiveCfg = Debug|Any CPU
		{B06B09AA-1C6B-4880-8060-47C17C264B6C}.Debug|Any CPU.Build.0 = Debug|Any CPU
		{B06B09AA-1C6B-4880-8060-47C17C264B6C}.Debug|x64.ActiveCfg = Debug|Any CPU
		{B06B09AA-1C6B-4880-8060-47C17C264B6C}.Debug|x64.Build.0 = Debug|Any CPU
		{B06B09AA-1C6B-4880-8060-47C17C264B6C}.Debug|x86.ActiveCfg = Debug|Any CPU
		{B06B09AA-1C6B-4880-8060-47C17C264B6C}.Debug|x86.Build.0 = Debug|Any CPU
		{B06B09AA-1C6B-4880-8060-47C17C264B6C}.Release|Any CPU.ActiveCfg = Release|Any CPU
		{B06B09AA-1C6B-4880-8060-47C17C264B6C}.Release|Any CPU.Build.0 = Release|Any CPU
		{B06B09AA-1C6B-4880-8060-47C17C264B6C}.Release|x64.ActiveCfg = Release|Any CPU
		{B06B09AA-1C6B-4880-8060-47C17C264B6C}.Release|x64.Build.0 = Release|Any CPU
		{B06B09AA-1C6B-4880-8060-47C17C264B6C}.Release|x86.ActiveCfg = Release|Any CPU
		{B06B09AA-1C6B-4880-8060-47C17C264B6C}.Release|x86.Build.0 = Release|Any CPU
		{1063E0D8-0F91-4E6F-A892-CEC461430739}.Debug|Any CPU.ActiveCfg = Debug|Any CPU
		{1063E0D8-0F91-4E6F-A892-CEC461430739}.Debug|Any CPU.Build.0 = Debug|Any CPU
		{1063E0D8-0F91-4E6F-A892-CEC461430739}.Debug|x64.ActiveCfg = Debug|Any CPU
		{1063E0D8-0F91-4E6F-A892-CEC461430739}.Debug|x64.Build.0 = Debug|Any CPU
		{1063E0D8-0F91-4E6F-A892-CEC461430739}.Debug|x86.ActiveCfg = Debug|Any CPU
		{1063E0D8-0F91-4E6F-A892-CEC461430739}.Debug|x86.Build.0 = Debug|Any CPU
		{1063E0D8-0F91-4E6F-A892-CEC461430739}.Release|Any CPU.ActiveCfg = Release|Any CPU
		{1063E0D8-0F91-4E6F-A892-CEC461430739}.Release|Any CPU.Build.0 = Release|Any CPU
		{1063E0D8-0F91-4E6F-A892-CEC461430739}.Release|x64.ActiveCfg = Release|Any CPU
		{1063E0D8-0F91-4E6F-A892-CEC461430739}.Release|x64.Build.0 = Release|Any CPU
		{1063E0D8-0F91-4E6F-A892-CEC461430739}.Release|x86.ActiveCfg = Release|Any CPU
		{1063E0D8-0F91-4E6F-A892-CEC461430739}.Release|x86.Build.0 = Release|Any CPU
		{6EADAB71-907B-433E-B746-E9FF41E1BA48}.Debug|Any CPU.ActiveCfg = Debug|Any CPU
		{6EADAB71-907B-433E-B746-E9FF41E1BA48}.Debug|Any CPU.Build.0 = Debug|Any CPU
		{6EADAB71-907B-433E-B746-E9FF41E1BA48}.Debug|x64.ActiveCfg = Debug|Any CPU
		{6EADAB71-907B-433E-B746-E9FF41E1BA48}.Debug|x64.Build.0 = Debug|Any CPU
		{6EADAB71-907B-433E-B746-E9FF41E1BA48}.Debug|x86.ActiveCfg = Debug|Any CPU
		{6EADAB71-907B-433E-B746-E9FF41E1BA48}.Debug|x86.Build.0 = Debug|Any CPU
		{6EADAB71-907B-433E-B746-E9FF41E1BA48}.Release|Any CPU.ActiveCfg = Release|Any CPU
		{6EADAB71-907B-433E-B746-E9FF41E1BA48}.Release|Any CPU.Build.0 = Release|Any CPU
		{6EADAB71-907B-433E-B746-E9FF41E1BA48}.Release|x64.ActiveCfg = Release|Any CPU
		{6EADAB71-907B-433E-B746-E9FF41E1BA48}.Release|x64.Build.0 = Release|Any CPU
		{6EADAB71-907B-433E-B746-E9FF41E1BA48}.Release|x86.ActiveCfg = Release|Any CPU
		{6EADAB71-907B-433E-B746-E9FF41E1BA48}.Release|x86.Build.0 = Release|Any CPU
		{409C147B-4ED7-456E-97B4-4E103A10A748}.Debug|Any CPU.ActiveCfg = Debug|Any CPU
		{409C147B-4ED7-456E-97B4-4E103A10A748}.Debug|Any CPU.Build.0 = Debug|Any CPU
		{409C147B-4ED7-456E-97B4-4E103A10A748}.Debug|x64.ActiveCfg = Debug|Any CPU
		{409C147B-4ED7-456E-97B4-4E103A10A748}.Debug|x64.Build.0 = Debug|Any CPU
		{409C147B-4ED7-456E-97B4-4E103A10A748}.Debug|x86.ActiveCfg = Debug|Any CPU
		{409C147B-4ED7-456E-97B4-4E103A10A748}.Debug|x86.Build.0 = Debug|Any CPU
		{409C147B-4ED7-456E-97B4-4E103A10A748}.Release|Any CPU.ActiveCfg = Release|Any CPU
		{409C147B-4ED7-456E-97B4-4E103A10A748}.Release|Any CPU.Build.0 = Release|Any CPU
		{409C147B-4ED7-456E-97B4-4E103A10A748}.Release|x64.ActiveCfg = Release|Any CPU
		{409C147B-4ED7-456E-97B4-4E103A10A748}.Release|x64.Build.0 = Release|Any CPU
		{409C147B-4ED7-456E-97B4-4E103A10A748}.Release|x86.ActiveCfg = Release|Any CPU
		{409C147B-4ED7-456E-97B4-4E103A10A748}.Release|x86.Build.0 = Release|Any CPU
		{6CDBAB70-659C-44BC-83B5-BD45E8846A0D}.Debug|Any CPU.ActiveCfg = Debug|Any CPU
		{6CDBAB70-659C-44BC-83B5-BD45E8846A0D}.Debug|Any CPU.Build.0 = Debug|Any CPU
		{6CDBAB70-659C-44BC-83B5-BD45E8846A0D}.Debug|x64.ActiveCfg = Debug|Any CPU
		{6CDBAB70-659C-44BC-83B5-BD45E8846A0D}.Debug|x64.Build.0 = Debug|Any CPU
		{6CDBAB70-659C-44BC-83B5-BD45E8846A0D}.Debug|x86.ActiveCfg = Debug|Any CPU
		{6CDBAB70-659C-44BC-83B5-BD45E8846A0D}.Debug|x86.Build.0 = Debug|Any CPU
		{6CDBAB70-659C-44BC-83B5-BD45E8846A0D}.Release|Any CPU.ActiveCfg = Release|Any CPU
		{6CDBAB70-659C-44BC-83B5-BD45E8846A0D}.Release|Any CPU.Build.0 = Release|Any CPU
		{6CDBAB70-659C-44BC-83B5-BD45E8846A0D}.Release|x64.ActiveCfg = Release|Any CPU
		{6CDBAB70-659C-44BC-83B5-BD45E8846A0D}.Release|x64.Build.0 = Release|Any CPU
		{6CDBAB70-659C-44BC-83B5-BD45E8846A0D}.Release|x86.ActiveCfg = Release|Any CPU
		{6CDBAB70-659C-44BC-83B5-BD45E8846A0D}.Release|x86.Build.0 = Release|Any CPU
		{81FAA529-C33B-485E-A7DF-1569AAEB7380}.Debug|Any CPU.ActiveCfg = Debug|Any CPU
		{81FAA529-C33B-485E-A7DF-1569AAEB7380}.Debug|Any CPU.Build.0 = Debug|Any CPU
		{81FAA529-C33B-485E-A7DF-1569AAEB7380}.Debug|x64.ActiveCfg = Debug|Any CPU
		{81FAA529-C33B-485E-A7DF-1569AAEB7380}.Debug|x64.Build.0 = Debug|Any CPU
		{81FAA529-C33B-485E-A7DF-1569AAEB7380}.Debug|x86.ActiveCfg = Debug|Any CPU
		{81FAA529-C33B-485E-A7DF-1569AAEB7380}.Debug|x86.Build.0 = Debug|Any CPU
		{81FAA529-C33B-485E-A7DF-1569AAEB7380}.Release|Any CPU.ActiveCfg = Release|Any CPU
		{81FAA529-C33B-485E-A7DF-1569AAEB7380}.Release|Any CPU.Build.0 = Release|Any CPU
		{81FAA529-C33B-485E-A7DF-1569AAEB7380}.Release|x64.ActiveCfg = Release|Any CPU
		{81FAA529-C33B-485E-A7DF-1569AAEB7380}.Release|x64.Build.0 = Release|Any CPU
		{81FAA529-C33B-485E-A7DF-1569AAEB7380}.Release|x86.ActiveCfg = Release|Any CPU
		{81FAA529-C33B-485E-A7DF-1569AAEB7380}.Release|x86.Build.0 = Release|Any CPU
		{65A5A49F-4685-4111-8452-BC5FA10D3F12}.Debug|Any CPU.ActiveCfg = Debug|Any CPU
		{65A5A49F-4685-4111-8452-BC5FA10D3F12}.Debug|Any CPU.Build.0 = Debug|Any CPU
		{65A5A49F-4685-4111-8452-BC5FA10D3F12}.Debug|x64.ActiveCfg = Debug|Any CPU
		{65A5A49F-4685-4111-8452-BC5FA10D3F12}.Debug|x64.Build.0 = Debug|Any CPU
		{65A5A49F-4685-4111-8452-BC5FA10D3F12}.Debug|x86.ActiveCfg = Debug|Any CPU
		{65A5A49F-4685-4111-8452-BC5FA10D3F12}.Debug|x86.Build.0 = Debug|Any CPU
		{65A5A49F-4685-4111-8452-BC5FA10D3F12}.Release|Any CPU.ActiveCfg = Release|Any CPU
		{65A5A49F-4685-4111-8452-BC5FA10D3F12}.Release|Any CPU.Build.0 = Release|Any CPU
		{65A5A49F-4685-4111-8452-BC5FA10D3F12}.Release|x64.ActiveCfg = Release|Any CPU
		{65A5A49F-4685-4111-8452-BC5FA10D3F12}.Release|x64.Build.0 = Release|Any CPU
		{65A5A49F-4685-4111-8452-BC5FA10D3F12}.Release|x86.ActiveCfg = Release|Any CPU
		{65A5A49F-4685-4111-8452-BC5FA10D3F12}.Release|x86.Build.0 = Release|Any CPU
		{AE8D80D0-D796-41CC-8730-85980C0B740A}.Debug|Any CPU.ActiveCfg = Debug|Any CPU
		{AE8D80D0-D796-41CC-8730-85980C0B740A}.Debug|Any CPU.Build.0 = Debug|Any CPU
		{AE8D80D0-D796-41CC-8730-85980C0B740A}.Debug|x64.ActiveCfg = Debug|Any CPU
		{AE8D80D0-D796-41CC-8730-85980C0B740A}.Debug|x64.Build.0 = Debug|Any CPU
		{AE8D80D0-D796-41CC-8730-85980C0B740A}.Debug|x86.ActiveCfg = Debug|Any CPU
		{AE8D80D0-D796-41CC-8730-85980C0B740A}.Debug|x86.Build.0 = Debug|Any CPU
		{AE8D80D0-D796-41CC-8730-85980C0B740A}.Release|Any CPU.ActiveCfg = Release|Any CPU
		{AE8D80D0-D796-41CC-8730-85980C0B740A}.Release|Any CPU.Build.0 = Release|Any CPU
		{AE8D80D0-D796-41CC-8730-85980C0B740A}.Release|x64.ActiveCfg = Release|Any CPU
		{AE8D80D0-D796-41CC-8730-85980C0B740A}.Release|x64.Build.0 = Release|Any CPU
		{AE8D80D0-D796-41CC-8730-85980C0B740A}.Release|x86.ActiveCfg = Release|Any CPU
		{AE8D80D0-D796-41CC-8730-85980C0B740A}.Release|x86.Build.0 = Release|Any CPU
		{A5123709-A504-4364-9FF1-CD4DAEB1A9E7}.Debug|Any CPU.ActiveCfg = Debug|Any CPU
		{A5123709-A504-4364-9FF1-CD4DAEB1A9E7}.Debug|Any CPU.Build.0 = Debug|Any CPU
		{A5123709-A504-4364-9FF1-CD4DAEB1A9E7}.Debug|x64.ActiveCfg = Debug|Any CPU
		{A5123709-A504-4364-9FF1-CD4DAEB1A9E7}.Debug|x64.Build.0 = Debug|Any CPU
		{A5123709-A504-4364-9FF1-CD4DAEB1A9E7}.Debug|x86.ActiveCfg = Debug|Any CPU
		{A5123709-A504-4364-9FF1-CD4DAEB1A9E7}.Debug|x86.Build.0 = Debug|Any CPU
		{A5123709-A504-4364-9FF1-CD4DAEB1A9E7}.Release|Any CPU.ActiveCfg = Release|Any CPU
		{A5123709-A504-4364-9FF1-CD4DAEB1A9E7}.Release|Any CPU.Build.0 = Release|Any CPU
		{A5123709-A504-4364-9FF1-CD4DAEB1A9E7}.Release|x64.ActiveCfg = Release|Any CPU
		{A5123709-A504-4364-9FF1-CD4DAEB1A9E7}.Release|x64.Build.0 = Release|Any CPU
		{A5123709-A504-4364-9FF1-CD4DAEB1A9E7}.Release|x86.ActiveCfg = Release|Any CPU
		{A5123709-A504-4364-9FF1-CD4DAEB1A9E7}.Release|x86.Build.0 = Release|Any CPU
		{9EF49865-A414-4F1F-BCB2-48F468716353}.Debug|Any CPU.ActiveCfg = Debug|Any CPU
		{9EF49865-A414-4F1F-BCB2-48F468716353}.Debug|Any CPU.Build.0 = Debug|Any CPU
		{9EF49865-A414-4F1F-BCB2-48F468716353}.Debug|x64.ActiveCfg = Debug|Any CPU
		{9EF49865-A414-4F1F-BCB2-48F468716353}.Debug|x64.Build.0 = Debug|Any CPU
		{9EF49865-A414-4F1F-BCB2-48F468716353}.Debug|x86.ActiveCfg = Debug|Any CPU
		{9EF49865-A414-4F1F-BCB2-48F468716353}.Debug|x86.Build.0 = Debug|Any CPU
		{9EF49865-A414-4F1F-BCB2-48F468716353}.Release|Any CPU.ActiveCfg = Release|Any CPU
		{9EF49865-A414-4F1F-BCB2-48F468716353}.Release|Any CPU.Build.0 = Release|Any CPU
		{9EF49865-A414-4F1F-BCB2-48F468716353}.Release|x64.ActiveCfg = Release|Any CPU
		{9EF49865-A414-4F1F-BCB2-48F468716353}.Release|x64.Build.0 = Release|Any CPU
		{9EF49865-A414-4F1F-BCB2-48F468716353}.Release|x86.ActiveCfg = Release|Any CPU
		{9EF49865-A414-4F1F-BCB2-48F468716353}.Release|x86.Build.0 = Release|Any CPU
		{FFFE9417-29D7-4746-A859-D83EFEB96EF8}.Debug|Any CPU.ActiveCfg = Debug|Any CPU
		{FFFE9417-29D7-4746-A859-D83EFEB96EF8}.Debug|Any CPU.Build.0 = Debug|Any CPU
		{FFFE9417-29D7-4746-A859-D83EFEB96EF8}.Debug|x64.ActiveCfg = Debug|Any CPU
		{FFFE9417-29D7-4746-A859-D83EFEB96EF8}.Debug|x64.Build.0 = Debug|Any CPU
		{FFFE9417-29D7-4746-A859-D83EFEB96EF8}.Debug|x86.ActiveCfg = Debug|Any CPU
		{FFFE9417-29D7-4746-A859-D83EFEB96EF8}.Debug|x86.Build.0 = Debug|Any CPU
		{FFFE9417-29D7-4746-A859-D83EFEB96EF8}.Release|Any CPU.ActiveCfg = Release|Any CPU
		{FFFE9417-29D7-4746-A859-D83EFEB96EF8}.Release|Any CPU.Build.0 = Release|Any CPU
		{FFFE9417-29D7-4746-A859-D83EFEB96EF8}.Release|x64.ActiveCfg = Release|Any CPU
		{FFFE9417-29D7-4746-A859-D83EFEB96EF8}.Release|x64.Build.0 = Release|Any CPU
		{FFFE9417-29D7-4746-A859-D83EFEB96EF8}.Release|x86.ActiveCfg = Release|Any CPU
		{FFFE9417-29D7-4746-A859-D83EFEB96EF8}.Release|x86.Build.0 = Release|Any CPU
		{B0225E5F-1684-4C66-85EA-0144B3A80012}.Debug|Any CPU.ActiveCfg = Debug|Any CPU
		{B0225E5F-1684-4C66-85EA-0144B3A80012}.Debug|Any CPU.Build.0 = Debug|Any CPU
		{B0225E5F-1684-4C66-85EA-0144B3A80012}.Debug|x64.ActiveCfg = Debug|Any CPU
		{B0225E5F-1684-4C66-85EA-0144B3A80012}.Debug|x64.Build.0 = Debug|Any CPU
		{B0225E5F-1684-4C66-85EA-0144B3A80012}.Debug|x86.ActiveCfg = Debug|Any CPU
		{B0225E5F-1684-4C66-85EA-0144B3A80012}.Debug|x86.Build.0 = Debug|Any CPU
		{B0225E5F-1684-4C66-85EA-0144B3A80012}.Release|Any CPU.ActiveCfg = Release|Any CPU
		{B0225E5F-1684-4C66-85EA-0144B3A80012}.Release|Any CPU.Build.0 = Release|Any CPU
		{B0225E5F-1684-4C66-85EA-0144B3A80012}.Release|x64.ActiveCfg = Release|Any CPU
		{B0225E5F-1684-4C66-85EA-0144B3A80012}.Release|x64.Build.0 = Release|Any CPU
		{B0225E5F-1684-4C66-85EA-0144B3A80012}.Release|x86.ActiveCfg = Release|Any CPU
		{B0225E5F-1684-4C66-85EA-0144B3A80012}.Release|x86.Build.0 = Release|Any CPU
	EndGlobalSection
	GlobalSection(NestedProjects) = preSolution
		{E3F23BAD-33CB-49FC-8073-B1F4FEA24B9E} = {B36FD639-52DE-4CB0-85F3-BC78C4131416}
		{1AA5AD3C-F4D8-401A-BA82-A243426338A0} = {E3F23BAD-33CB-49FC-8073-B1F4FEA24B9E}
		{EB12F8FD-3E01-4E94-BAF0-0B817397DB71} = {1AA5AD3C-F4D8-401A-BA82-A243426338A0}
		{3CD8522A-C71A-4B1C-8F4B-58080B4FCCAE} = {CCF6DEBE-3BD2-4C6D-9A6E-8302CC684612}
		{C5C64E30-59D5-41C1-9BE2-D3314558134E} = {3CD8522A-C71A-4B1C-8F4B-58080B4FCCAE}
		{656CF0D9-C9D7-4089-A9E1-91554B5B0289} = {E3F23BAD-33CB-49FC-8073-B1F4FEA24B9E}
		{1C2AFFD5-2A07-4A44-AA67-C215B513D9DC} = {656CF0D9-C9D7-4089-A9E1-91554B5B0289}
		{05C6FD01-1968-4DE5-93D4-DD4B0DA1DED3} = {CCF6DEBE-3BD2-4C6D-9A6E-8302CC684612}
		{B06B09AA-1C6B-4880-8060-47C17C264B6C} = {05C6FD01-1968-4DE5-93D4-DD4B0DA1DED3}
		{C801F4AC-4C71-4DC2-9CCB-D2022B9AC277} = {E3F23BAD-33CB-49FC-8073-B1F4FEA24B9E}
		{1063E0D8-0F91-4E6F-A892-CEC461430739} = {C801F4AC-4C71-4DC2-9CCB-D2022B9AC277}
		{C1E3E8B1-F204-44C3-9996-B349D84F052B} = {CCF6DEBE-3BD2-4C6D-9A6E-8302CC684612}
		{6EADAB71-907B-433E-B746-E9FF41E1BA48} = {C1E3E8B1-F204-44C3-9996-B349D84F052B}
		{409C147B-4ED7-456E-97B4-4E103A10A748} = {C801F4AC-4C71-4DC2-9CCB-D2022B9AC277}
		{6CDBAB70-659C-44BC-83B5-BD45E8846A0D} = {C1E3E8B1-F204-44C3-9996-B349D84F052B}
		{C94C85A0-55B7-45CF-9100-370124F80A1D} = {E3F23BAD-33CB-49FC-8073-B1F4FEA24B9E}
		{81FAA529-C33B-485E-A7DF-1569AAEB7380} = {C94C85A0-55B7-45CF-9100-370124F80A1D}
		{65A5A49F-4685-4111-8452-BC5FA10D3F12} = {1AA5AD3C-F4D8-401A-BA82-A243426338A0}
		{AE8D80D0-D796-41CC-8730-85980C0B740A} = {3CD8522A-C71A-4B1C-8F4B-58080B4FCCAE}
		{A5123709-A504-4364-9FF1-CD4DAEB1A9E7} = {C801F4AC-4C71-4DC2-9CCB-D2022B9AC277}
		{9EF49865-A414-4F1F-BCB2-48F468716353} = {C1E3E8B1-F204-44C3-9996-B349D84F052B}
		{FFFE9417-29D7-4746-A859-D83EFEB96EF8} = {1AA5AD3C-F4D8-401A-BA82-A243426338A0}
		{B0225E5F-1684-4C66-85EA-0144B3A80012} = {3CD8522A-C71A-4B1C-8F4B-58080B4FCCAE}
	EndGlobalSection
EndGlobal
